
Microsoft Visual Studio Solution File, Format Version 12.00
# Visual Studio 14
VisualStudioVersion = 14.0.25123.0
MinimumVisualStudioVersion = 10.0.40219.1
Project("{FAE04EC0-301F-11D3-BF4B-00C04F79EFBC}") = "Products", "Products\Products.csproj", "{329BB715-7458-4DB5-BDFD-A2D9E84DBA81}"
EndProject
Project("{FAE04EC0-301F-11D3-BF4B-00C04F79EFBC}") = "Products.Tests", "Products.Tests\Products.Tests.csproj", "{6D2328B8-9BC1-4CD6-A9F9-3C5929E2381B}"
EndProject
Project("{2150E333-8FDC-42A3-9474-1A3956D46DE8}") = "Solution Items", "Solution Items", "{9FB1D003-A1FD-4DB9-AE29-AEC4A6212ECB}"
	ProjectSection(SolutionItems) = preProject
		test.runsettings = test.runsettings
	EndProjectSection
EndProject
Global
	GlobalSection(SolutionConfigurationPlatforms) = preSolution
		Debug|Any CPU = Debug|Any CPU
		Release|Any CPU = Release|Any CPU
	EndGlobalSection
	GlobalSection(ProjectConfigurationPlatforms) = postSolution
		{329BB715-7458-4DB5-BDFD-A2D9E84DBA81}.Debug|Any CPU.ActiveCfg = Debug|Any CPU
		{329BB715-7458-4DB5-BDFD-A2D9E84DBA81}.Debug|Any CPU.Build.0 = Debug|Any CPU
		{329BB715-7458-4DB5-BDFD-A2D9E84DBA81}.Release|Any CPU.ActiveCfg = Release|Any CPU
		{329BB715-7458-4DB5-BDFD-A2D9E84DBA81}.Release|Any CPU.Build.0 = Release|Any CPU
		{6D2328B8-9BC1-4CD6-A9F9-3C5929E2381B}.Debug|Any CPU.ActiveCfg = Debug|Any CPU
		{6D2328B8-9BC1-4CD6-A9F9-3C5929E2381B}.Debug|Any CPU.Build.0 = Debug|Any CPU
		{6D2328B8-9BC1-4CD6-A9F9-3C5929E2381B}.Release|Any CPU.ActiveCfg = Release|Any CPU
		{6D2328B8-9BC1-4CD6-A9F9-3C5929E2381B}.Release|Any CPU.Build.0 = Release|Any CPU
	EndGlobalSection
	GlobalSection(SolutionProperties) = preSolution
		HideSolutionNode = FALSE
	EndGlobalSection
EndGlobal
